
Microsoft Visual Studio Solution File, Format Version 11.00
# Visual Studio 2010
Project("{FAE04EC0-301F-11D3-BF4B-00C04F79EFBC}") = "DemoApplication", "DemoApplication\DemoApplication.csproj", "{591F5B21-7187-4086-AE84-E1C88DBFBD2A}"
	ProjectSection(ProjectDependencies) = postProject
		{6754A836-0EED-4B77-A722-C809D69EE3BB} = {6754A836-0EED-4B77-A722-C809D69EE3BB}
	EndProjectSection
EndProject
Project("{FAE04EC0-301F-11D3-BF4B-00C04F79EFBC}") = "BrokenHouse", "BrokenHouse\BrokenHouse.csproj", "{DED77A15-ABCD-4582-ACE9-8FE6F6A97224}"
EndProject
Project("{FAE04EC0-301F-11D3-BF4B-00C04F79EFBC}") = "BrokenHouse.VisualStudio.Design", "BrokenHouse.VisualStudio.Design\BrokenHouse.VisualStudio.Design.csproj", "{6754A836-0EED-4B77-A722-C809D69EE3BB}"
EndProject
Global
	GlobalSection(SolutionConfigurationPlatforms) = preSolution
		Debug|Any CPU = Debug|Any CPU
		Release|Any CPU = Release|Any CPU
	EndGlobalSection
	GlobalSection(ProjectConfigurationPlatforms) = postSolution
		{591F5B21-7187-4086-AE84-E1C88DBFBD2A}.Debug|Any CPU.ActiveCfg = Debug|Any CPU
		{591F5B21-7187-4086-AE84-E1C88DBFBD2A}.Debug|Any CPU.Build.0 = Debug|Any CPU
		{591F5B21-7187-4086-AE84-E1C88DBFBD2A}.Release|Any CPU.ActiveCfg = Release|Any CPU
		{591F5B21-7187-4086-AE84-E1C88DBFBD2A}.Release|Any CPU.Build.0 = Release|Any CPU
		{DED77A15-ABCD-4582-ACE9-8FE6F6A97224}.Debug|Any CPU.ActiveCfg = Debug|Any CPU
		{DED77A15-ABCD-4582-ACE9-8FE6F6A97224}.Debug|Any CPU.Build.0 = Debug|Any CPU
		{DED77A15-ABCD-4582-ACE9-8FE6F6A97224}.Release|Any CPU.ActiveCfg = Release|Any CPU
		{DED77A15-ABCD-4582-ACE9-8FE6F6A97224}.Release|Any CPU.Build.0 = Release|Any CPU
		{6754A836-0EED-4B77-A722-C809D69EE3BB}.Debug|Any CPU.ActiveCfg = Debug|Any CPU
		{6754A836-0EED-4B77-A722-C809D69EE3BB}.Debug|Any CPU.Build.0 = Debug|Any CPU
		{6754A836-0EED-4B77-A722-C809D69EE3BB}.Release|Any CPU.ActiveCfg = Release|Any CPU
		{6754A836-0EED-4B77-A722-C809D69EE3BB}.Release|Any CPU.Build.0 = Release|Any CPU
	EndGlobalSection
	GlobalSection(SolutionProperties) = preSolution
		HideSolutionNode = FALSE
	EndGlobalSection
EndGlobal
